{
  "name": "app",
  "version": "1.0.0",
  "lockfileVersion": 2,
  "requires": true,
  "packages": {
    "": {
      "name": "app",
      "version": "1.0.0",
      "license": "ISC",
      "dependencies": {
        "lion-lib-292929": "^1.1.0"
      }
    },
    "node_modules/lion-lib-292929": {
      "version": "1.1.0",
      "resolved": "https://registry.npmjs.org/lion-lib-292929/-/lion-lib-292929-1.1.0.tgz",
      "integrity": "sha512-DMiS0GMw9v0IyiWqW5/6rbnvxqyEd62wEC4Ch7uyKXok6HeENfkEAsR5LPiI8paXt9IQ1BbtP9W4+j/EN0Tu7w=="
    }
  },
  "dependencies": {
    "lion-lib-292929": {
      "version": "1.1.0",
      "resolved": "https://registry.npmjs.org/lion-lib-292929/-/lion-lib-292929-1.1.0.tgz",
      "integrity": "sha512-DMiS0GMw9v0IyiWqW5/6rbnvxqyEd62wEC4Ch7uyKXok6HeENfkEAsR5LPiI8paXt9IQ1BbtP9W4+j/EN0Tu7w=="
    }
  }
}
